{
  "pins" : [
    {
      "identity" : "coreswift",
      "kind" : "remoteSourceControl",
      "location" : "https://github.com/andrecampopiano/CoreSwift",
      "state" : {
        "revision" : "d5fcf11e2765f9b0b8f1526e166c5b6da746a7f8",
        "version" : "1.1.0"
      }
    },
    {
      "identity" : "swiftlintplugin",
      "kind" : "remoteSourceControl",
      "location" : "https://github.com/lukepistrol/SwiftLintPlugin.git",
      "state" : {
        "revision" : "d3ec7fb242ebe1d8e23bf17e58a1e27d43125994",
        "version" : "0.2.6"
      }
    }
  ],
  "version" : 2
}
