// !$*UTF8*$!
{
	archiveVersion = 1;
	classes = {
	};
	objectVersion = 56;
	objects = {

/* Begin PBXBuildFile section */
		9401F4622A2F7CAB00C32AA7 /* Colors.xcassets in Resources */ = {isa = PBXBuildFile; fileRef = 9401F4612A2F7CAB00C32AA7 /* Colors.xcassets */; };
		9401F4662A2F7E0E00C32AA7 /* Colors.swift in Sources */ = {isa = PBXBuildFile; fileRef = 9401F4652A2F7E0E00C32AA7 /* Colors.swift */; };
		9401F4692A2F7ECE00C32AA7 /* UIColor.swift in Sources */ = {isa = PBXBuildFile; fileRef = 9401F4682A2F7ECE00C32AA7 /* UIColor.swift */; };
		9401F46D2A2F7F6D00C32AA7 /* LocalizableBundle.swift in Sources */ = {isa = PBXBuildFile; fileRef = 9401F46C2A2F7F6D00C32AA7 /* LocalizableBundle.swift */; };
		9401F4702A2F7F9B00C32AA7 /* Localizable.strings in Resources */ = {isa = PBXBuildFile; fileRef = 9401F46F2A2F7F9B00C32AA7 /* Localizable.strings */; };
		9401F4762A2F804800C32AA7 /* AccessibilityLocalizable.strings in Resources */ = {isa = PBXBuildFile; fileRef = 9401F4752A2F804800C32AA7 /* AccessibilityLocalizable.strings */; };
		9401F4792A2F845B00C32AA7 /* ApplicationConstants.swift in Sources */ = {isa = PBXBuildFile; fileRef = 9401F4782A2F845B00C32AA7 /* ApplicationConstants.swift */; };
		9401F47F2A2F858700C32AA7 /* ProductResponse.swift in Sources */ = {isa = PBXBuildFile; fileRef = 9401F47E2A2F858700C32AA7 /* ProductResponse.swift */; };
		9401F4832A2F8CE700C32AA7 /* HomeBusiness.swift in Sources */ = {isa = PBXBuildFile; fileRef = 9401F4822A2F8CE700C32AA7 /* HomeBusiness.swift */; };
		9401F4872A2F92C500C32AA7 /* ProductListGetOperation.swift in Sources */ = {isa = PBXBuildFile; fileRef = 9401F4862A2F92C500C32AA7 /* ProductListGetOperation.swift */; };
		9401F4922A2FA90700C32AA7 /* HomeManager.swift in Sources */ = {isa = PBXBuildFile; fileRef = 9401F4912A2FA90600C32AA7 /* HomeManager.swift */; };
		9401F4962A2FAA4C00C32AA7 /* HomeManagerTests.swift in Sources */ = {isa = PBXBuildFile; fileRef = 9401F4952A2FAA4C00C32AA7 /* HomeManagerTests.swift */; };
		9401F49B2A2FACBB00C32AA7 /* MarketplaceChallengeTests.swift in Sources */ = {isa = PBXBuildFile; fileRef = 9401F49A2A2FACBB00C32AA7 /* MarketplaceChallengeTests.swift */; };
		9401F49F2A2FADD700C32AA7 /* product_list_success.json in Resources */ = {isa = PBXBuildFile; fileRef = 9401F49E2A2FADD700C32AA7 /* product_list_success.json */; };
		9401F4A12A2FCAA100C32AA7 /* main.swift in Sources */ = {isa = PBXBuildFile; fileRef = 9401F4A02A2FCAA100C32AA7 /* main.swift */; };
		9401F4A72A30AFFB00C32AA7 /* HomeCoordinator.swift in Sources */ = {isa = PBXBuildFile; fileRef = 9401F4A62A30AFFB00C32AA7 /* HomeCoordinator.swift */; };
		94373CBD2A30D0A300C6091E /* HomeCoordinatorFactory.swift in Sources */ = {isa = PBXBuildFile; fileRef = 94373CBC2A30D0A300C6091E /* HomeCoordinatorFactory.swift */; };
		94373CC22A30D61B00C6091E /* HomeControllerFactory.swift in Sources */ = {isa = PBXBuildFile; fileRef = 94373CC12A30D61B00C6091E /* HomeControllerFactory.swift */; };
		94373CC72A30DC4000C6091E /* ApplicationCoordinator.swift in Sources */ = {isa = PBXBuildFile; fileRef = 94373CC62A30DC4000C6091E /* ApplicationCoordinator.swift */; };
		94373CC92A30DFF600C6091E /* CoordinatorFactory.swift in Sources */ = {isa = PBXBuildFile; fileRef = 94373CC82A30DFF600C6091E /* CoordinatorFactory.swift */; };
		94373CDF2A3105F500C6091E /* UINavigationController.swift in Sources */ = {isa = PBXBuildFile; fileRef = 94373CDE2A3105F500C6091E /* UINavigationController.swift */; };
		94407E122A375EFF0083C9D2 /* HomeControllerFactoryTests.swift in Sources */ = {isa = PBXBuildFile; fileRef = 94407E112A375EFF0083C9D2 /* HomeControllerFactoryTests.swift */; };
		94407E152A37652A0083C9D2 /* ApplicationCoordinatorTests.swift in Sources */ = {isa = PBXBuildFile; fileRef = 94407E142A37652A0083C9D2 /* ApplicationCoordinatorTests.swift */; };
		94407E192A376DE60083C9D2 /* HomeCoordinatorTests.swift in Sources */ = {isa = PBXBuildFile; fileRef = 94407E182A376DE50083C9D2 /* HomeCoordinatorTests.swift */; };
		94407E212A3798640083C9D2 /* DetailsController.swift in Sources */ = {isa = PBXBuildFile; fileRef = 94407E202A3798640083C9D2 /* DetailsController.swift */; };
		94407E252A37ACED0083C9D2 /* ButtonBuyFooterViewTests.swift in Sources */ = {isa = PBXBuildFile; fileRef = 94407E242A37ACED0083C9D2 /* ButtonBuyFooterViewTests.swift */; };
		94407E292A37B6570083C9D2 /* ButtonBuyFooterView.swift in Sources */ = {isa = PBXBuildFile; fileRef = 94407E282A37B6570083C9D2 /* ButtonBuyFooterView.swift */; };
		94407E312A37BDE70083C9D2 /* ProductDetailsViewTests.swift in Sources */ = {isa = PBXBuildFile; fileRef = 94407E302A37BDE70083C9D2 /* ProductDetailsViewTests.swift */; };
		94407E342A37F2A60083C9D2 /* ProductDetailsView.swift in Sources */ = {isa = PBXBuildFile; fileRef = 94407E332A37F2A60083C9D2 /* ProductDetailsView.swift */; };
		94407E392A37F3040083C9D2 /* ProductDetailsViewModel.swift in Sources */ = {isa = PBXBuildFile; fileRef = 94407E382A37F3040083C9D2 /* ProductDetailsViewModel.swift */; };
		94407E3C2A37F4200083C9D2 /* UIView.swift in Sources */ = {isa = PBXBuildFile; fileRef = 94407E3B2A37F4200083C9D2 /* UIView.swift */; };
		94407E402A38027D0083C9D2 /* DetailsControllerViewModel.swift in Sources */ = {isa = PBXBuildFile; fileRef = 94407E3F2A38027D0083C9D2 /* DetailsControllerViewModel.swift */; };
		94407E492A38270E0083C9D2 /* SVGKitSwift in Frameworks */ = {isa = PBXBuildFile; productRef = 94407E482A38270E0083C9D2 /* SVGKitSwift */; };
		94407E4E2A382C970083C9D2 /* icon_market.svg in Resources */ = {isa = PBXBuildFile; fileRef = 94407E4D2A382C970083C9D2 /* icon_market.svg */; };
		94407E502A383A100083C9D2 /* SVGKit in Frameworks */ = {isa = PBXBuildFile; productRef = 94407E4F2A383A100083C9D2 /* SVGKit */; };
		94407E532A3897950083C9D2 /* SizeComponentView.swift in Sources */ = {isa = PBXBuildFile; fileRef = 94407E522A3897950083C9D2 /* SizeComponentView.swift */; };
		94407E572A389FF30083C9D2 /* UICollectionView.swift in Sources */ = {isa = PBXBuildFile; fileRef = 94407E562A389FF30083C9D2 /* UICollectionView.swift */; };
		94407E5B2A38A4D00083C9D2 /* SizeComponentItemView.swift in Sources */ = {isa = PBXBuildFile; fileRef = 94407E5A2A38A4D00083C9D2 /* SizeComponentItemView.swift */; };
		94407E5D2A39235A0083C9D2 /* DetailsControllerTests.swift in Sources */ = {isa = PBXBuildFile; fileRef = 94407E5C2A39235A0083C9D2 /* DetailsControllerTests.swift */; };
		94A472F72A2E8E4A00686B4C /* AppDelegate.swift in Sources */ = {isa = PBXBuildFile; fileRef = 94A472F62A2E8E4A00686B4C /* AppDelegate.swift */; };
		94A472FB2A2E8E4A00686B4C /* HomeController.swift in Sources */ = {isa = PBXBuildFile; fileRef = 94A472FA2A2E8E4A00686B4C /* HomeController.swift */; };
		94A473002A2E8E4C00686B4C /* Assets.xcassets in Resources */ = {isa = PBXBuildFile; fileRef = 94A472FF2A2E8E4C00686B4C /* Assets.xcassets */; };
		94A473032A2E8E4C00686B4C /* LaunchScreen.storyboard in Resources */ = {isa = PBXBuildFile; fileRef = 94A473012A2E8E4C00686B4C /* LaunchScreen.storyboard */; };
		94A4730E2A2E8E4C00686B4C /* HomeControllerTests.swift in Sources */ = {isa = PBXBuildFile; fileRef = 94A4730D2A2E8E4C00686B4C /* HomeControllerTests.swift */; };
		94A4732E2A2E8FC900686B4C /* CoreSwift in Frameworks */ = {isa = PBXBuildFile; productRef = 94A4732D2A2E8FC900686B4C /* CoreSwift */; };
		94DC06582A3374DF00EEE3F6 /* HomeViewModel.swift in Sources */ = {isa = PBXBuildFile; fileRef = 94DC06572A3374DF00EEE3F6 /* HomeViewModel.swift */; };
		94DC065C2A3376D100EEE3F6 /* HomeStatus.swift in Sources */ = {isa = PBXBuildFile; fileRef = 94DC065B2A3376D100EEE3F6 /* HomeStatus.swift */; };
		94DC06602A3377F200EEE3F6 /* HomeViewModelTests.swift in Sources */ = {isa = PBXBuildFile; fileRef = 94DC065F2A3377F200EEE3F6 /* HomeViewModelTests.swift */; };
		94DC06652A33828600EEE3F6 /* HomeItemView.swift in Sources */ = {isa = PBXBuildFile; fileRef = 94DC06642A33828600EEE3F6 /* HomeItemView.swift */; };
		94DC06672A338F4500EEE3F6 /* UIFont.swift in Sources */ = {isa = PBXBuildFile; fileRef = 9401F4512A2F795F00C32AA7 /* UIFont.swift */; };
		94DC06692A338F4800EEE3F6 /* FontStyleAndName.swift in Sources */ = {isa = PBXBuildFile; fileRef = 9401F44B2A2F781800C32AA7 /* FontStyleAndName.swift */; };
		94DC066A2A338F4B00EEE3F6 /* FontSize.swift in Sources */ = {isa = PBXBuildFile; fileRef = 9401F44E2A2F78A500C32AA7 /* FontSize.swift */; };
		94DC066B2A338F5300EEE3F6 /* CGFloat.swift in Sources */ = {isa = PBXBuildFile; fileRef = 9401F45C2A2F7B3D00C32AA7 /* CGFloat.swift */; };
		94DC066C2A338F5500EEE3F6 /* Size.swift in Sources */ = {isa = PBXBuildFile; fileRef = 9401F4562A2F7AB400C32AA7 /* Size.swift */; };
		94DC066D2A338F5800EEE3F6 /* MarginSize.swift in Sources */ = {isa = PBXBuildFile; fileRef = 9401F4592A2F7AF000C32AA7 /* MarginSize.swift */; };
		94DC06702A339EE600EEE3F6 /* HomeItemViewTests.swift in Sources */ = {isa = PBXBuildFile; fileRef = 94DC066F2A339EE600EEE3F6 /* HomeItemViewTests.swift */; };
		94DC067E2A33A47B00EEE3F6 /* iOSSnapshotTestCase in Frameworks */ = {isa = PBXBuildFile; productRef = 94DC067D2A33A47B00EEE3F6 /* iOSSnapshotTestCase */; };
		94DC06B22A33A8F900EEE3F6 /* XCTestExtensionView.swift in Sources */ = {isa = PBXBuildFile; fileRef = 94DC06AD2A33A8F900EEE3F6 /* XCTestExtensionView.swift */; };
		94DC06B32A33A8F900EEE3F6 /* UIImage.swift in Sources */ = {isa = PBXBuildFile; fileRef = 94DC06AE2A33A8F900EEE3F6 /* UIImage.swift */; };
		94DC06B42A33A8F900EEE3F6 /* BaseXCTest.swift in Sources */ = {isa = PBXBuildFile; fileRef = 94DC06AF2A33A8F900EEE3F6 /* BaseXCTest.swift */; };
		94DC06B52A33A8F900EEE3F6 /* Elements.swift in Sources */ = {isa = PBXBuildFile; fileRef = 94DC06B12A33A8F900EEE3F6 /* Elements.swift */; };
		94DC06B82A33AE7D00EEE3F6 /* product_item.json in Resources */ = {isa = PBXBuildFile; fileRef = 94DC06B72A33AE7D00EEE3F6 /* product_item.json */; };
		94DC06BC2A3400DE00EEE3F6 /* HomeItemViewModel.swift in Sources */ = {isa = PBXBuildFile; fileRef = 94DC06BB2A3400DE00EEE3F6 /* HomeItemViewModel.swift */; };
/* End PBXBuildFile section */

/* Begin PBXContainerItemProxy section */
		94A4730A2A2E8E4C00686B4C /* PBXContainerItemProxy */ = {
			isa = PBXContainerItemProxy;
			containerPortal = 94A472EB2A2E8E4A00686B4C /* Project object */;
			proxyType = 1;
			remoteGlobalIDString = 94A472F22A2E8E4A00686B4C;
			remoteInfo = MarketplaceChallenge;
		};
/* End PBXContainerItemProxy section */

/* Begin PBXCopyFilesBuildPhase section */
		94A473362A2E977E00686B4C /* Embed Frameworks */ = {
			isa = PBXCopyFilesBuildPhase;
			buildActionMask = 2147483647;
			dstPath = "";
			dstSubfolderSpec = 10;
			files = (
			);
			name = "Embed Frameworks";
			runOnlyForDeploymentPostprocessing = 0;
		};
/* End PBXCopyFilesBuildPhase section */

/* Begin PBXFileReference section */
		9401F44B2A2F781800C32AA7 /* FontStyleAndName.swift */ = {isa = PBXFileReference; lastKnownFileType = sourcecode.swift; path = FontStyleAndName.swift; sourceTree = "<group>"; };
		9401F44E2A2F78A500C32AA7 /* FontSize.swift */ = {isa = PBXFileReference; lastKnownFileType = sourcecode.swift; path = FontSize.swift; sourceTree = "<group>"; };
		9401F4512A2F795F00C32AA7 /* UIFont.swift */ = {isa = PBXFileReference; lastKnownFileType = sourcecode.swift; path = UIFont.swift; sourceTree = "<group>"; };
		9401F4562A2F7AB400C32AA7 /* Size.swift */ = {isa = PBXFileReference; lastKnownFileType = sourcecode.swift; path = Size.swift; sourceTree = "<group>"; };
		9401F4592A2F7AF000C32AA7 /* MarginSize.swift */ = {isa = PBXFileReference; lastKnownFileType = sourcecode.swift; path = MarginSize.swift; sourceTree = "<group>"; };
		9401F45C2A2F7B3D00C32AA7 /* CGFloat.swift */ = {isa = PBXFileReference; lastKnownFileType = sourcecode.swift; path = CGFloat.swift; sourceTree = "<group>"; };
		9401F4612A2F7CAB00C32AA7 /* Colors.xcassets */ = {isa = PBXFileReference; lastKnownFileType = folder.assetcatalog; path = Colors.xcassets; sourceTree = "<group>"; };
		9401F4652A2F7E0E00C32AA7 /* Colors.swift */ = {isa = PBXFileReference; lastKnownFileType = sourcecode.swift; path = Colors.swift; sourceTree = "<group>"; };
		9401F4682A2F7ECE00C32AA7 /* UIColor.swift */ = {isa = PBXFileReference; lastKnownFileType = sourcecode.swift; path = UIColor.swift; sourceTree = "<group>"; };
		9401F46C2A2F7F6D00C32AA7 /* LocalizableBundle.swift */ = {isa = PBXFileReference; lastKnownFileType = sourcecode.swift; path = LocalizableBundle.swift; sourceTree = "<group>"; };
		9401F46F2A2F7F9B00C32AA7 /* Localizable.strings */ = {isa = PBXFileReference; lastKnownFileType = text.plist.strings; path = Localizable.strings; sourceTree = "<group>"; };
		9401F4752A2F804800C32AA7 /* AccessibilityLocalizable.strings */ = {isa = PBXFileReference; lastKnownFileType = text.plist.strings; path = AccessibilityLocalizable.strings; sourceTree = "<group>"; };
		9401F4782A2F845B00C32AA7 /* ApplicationConstants.swift */ = {isa = PBXFileReference; lastKnownFileType = sourcecode.swift; path = ApplicationConstants.swift; sourceTree = "<group>"; };
		9401F47E2A2F858700C32AA7 /* ProductResponse.swift */ = {isa = PBXFileReference; lastKnownFileType = sourcecode.swift; path = ProductResponse.swift; sourceTree = "<group>"; };
		9401F4822A2F8CE700C32AA7 /* HomeBusiness.swift */ = {isa = PBXFileReference; lastKnownFileType = sourcecode.swift; path = HomeBusiness.swift; sourceTree = "<group>"; };
		9401F4862A2F92C500C32AA7 /* ProductListGetOperation.swift */ = {isa = PBXFileReference; lastKnownFileType = sourcecode.swift; path = ProductListGetOperation.swift; sourceTree = "<group>"; };
		9401F4912A2FA90600C32AA7 /* HomeManager.swift */ = {isa = PBXFileReference; lastKnownFileType = sourcecode.swift; path = HomeManager.swift; sourceTree = "<group>"; };
		9401F4952A2FAA4C00C32AA7 /* HomeManagerTests.swift */ = {isa = PBXFileReference; lastKnownFileType = sourcecode.swift; path = HomeManagerTests.swift; sourceTree = "<group>"; };
		9401F49A2A2FACBB00C32AA7 /* MarketplaceChallengeTests.swift */ = {isa = PBXFileReference; lastKnownFileType = sourcecode.swift; path = MarketplaceChallengeTests.swift; sourceTree = "<group>"; };
		9401F49E2A2FADD700C32AA7 /* product_list_success.json */ = {isa = PBXFileReference; lastKnownFileType = text.json; path = product_list_success.json; sourceTree = "<group>"; };
		9401F4A02A2FCAA100C32AA7 /* main.swift */ = {isa = PBXFileReference; lastKnownFileType = sourcecode.swift; path = main.swift; sourceTree = "<group>"; };
		9401F4A62A30AFFB00C32AA7 /* HomeCoordinator.swift */ = {isa = PBXFileReference; lastKnownFileType = sourcecode.swift; path = HomeCoordinator.swift; sourceTree = "<group>"; };
		94373CBC2A30D0A300C6091E /* HomeCoordinatorFactory.swift */ = {isa = PBXFileReference; lastKnownFileType = sourcecode.swift; path = HomeCoordinatorFactory.swift; sourceTree = "<group>"; };
		94373CC12A30D61B00C6091E /* HomeControllerFactory.swift */ = {isa = PBXFileReference; lastKnownFileType = sourcecode.swift; path = HomeControllerFactory.swift; sourceTree = "<group>"; };
		94373CC62A30DC4000C6091E /* ApplicationCoordinator.swift */ = {isa = PBXFileReference; lastKnownFileType = sourcecode.swift; path = ApplicationCoordinator.swift; sourceTree = "<group>"; };
		94373CC82A30DFF600C6091E /* CoordinatorFactory.swift */ = {isa = PBXFileReference; lastKnownFileType = sourcecode.swift; path = CoordinatorFactory.swift; sourceTree = "<group>"; };
		94373CDE2A3105F500C6091E /* UINavigationController.swift */ = {isa = PBXFileReference; lastKnownFileType = sourcecode.swift; path = UINavigationController.swift; sourceTree = "<group>"; };
		94407E0F2A375E0D0083C9D2 /* MarketplaceChallenge.xctestplan */ = {isa = PBXFileReference; lastKnownFileType = text; name = MarketplaceChallenge.xctestplan; path = MarketplaceChallengeTests/XCTestPlan/MarketplaceChallenge.xctestplan; sourceTree = "<group>"; };
		94407E112A375EFF0083C9D2 /* HomeControllerFactoryTests.swift */ = {isa = PBXFileReference; lastKnownFileType = sourcecode.swift; path = HomeControllerFactoryTests.swift; sourceTree = "<group>"; };
		94407E142A37652A0083C9D2 /* ApplicationCoordinatorTests.swift */ = {isa = PBXFileReference; lastKnownFileType = sourcecode.swift; path = ApplicationCoordinatorTests.swift; sourceTree = "<group>"; };
		94407E182A376DE50083C9D2 /* HomeCoordinatorTests.swift */ = {isa = PBXFileReference; lastKnownFileType = sourcecode.swift; path = HomeCoordinatorTests.swift; sourceTree = "<group>"; };
		94407E202A3798640083C9D2 /* DetailsController.swift */ = {isa = PBXFileReference; lastKnownFileType = sourcecode.swift; path = DetailsController.swift; sourceTree = "<group>"; };
		94407E242A37ACED0083C9D2 /* ButtonBuyFooterViewTests.swift */ = {isa = PBXFileReference; lastKnownFileType = sourcecode.swift; path = ButtonBuyFooterViewTests.swift; sourceTree = "<group>"; };
		94407E282A37B6570083C9D2 /* ButtonBuyFooterView.swift */ = {isa = PBXFileReference; lastKnownFileType = sourcecode.swift; path = ButtonBuyFooterView.swift; sourceTree = "<group>"; };
		94407E302A37BDE70083C9D2 /* ProductDetailsViewTests.swift */ = {isa = PBXFileReference; lastKnownFileType = sourcecode.swift; path = ProductDetailsViewTests.swift; sourceTree = "<group>"; };
		94407E332A37F2A60083C9D2 /* ProductDetailsView.swift */ = {isa = PBXFileReference; lastKnownFileType = sourcecode.swift; path = ProductDetailsView.swift; sourceTree = "<group>"; };
		94407E382A37F3040083C9D2 /* ProductDetailsViewModel.swift */ = {isa = PBXFileReference; lastKnownFileType = sourcecode.swift; path = ProductDetailsViewModel.swift; sourceTree = "<group>"; };
		94407E3B2A37F4200083C9D2 /* UIView.swift */ = {isa = PBXFileReference; lastKnownFileType = sourcecode.swift; path = UIView.swift; sourceTree = "<group>"; };
		94407E3F2A38027D0083C9D2 /* DetailsControllerViewModel.swift */ = {isa = PBXFileReference; lastKnownFileType = sourcecode.swift; path = DetailsControllerViewModel.swift; sourceTree = "<group>"; };
		94407E4D2A382C970083C9D2 /* icon_market.svg */ = {isa = PBXFileReference; fileEncoding = 4; lastKnownFileType = text; path = icon_market.svg; sourceTree = "<group>"; };
		94407E522A3897950083C9D2 /* SizeComponentView.swift */ = {isa = PBXFileReference; lastKnownFileType = sourcecode.swift; path = SizeComponentView.swift; sourceTree = "<group>"; };
		94407E562A389FF30083C9D2 /* UICollectionView.swift */ = {isa = PBXFileReference; lastKnownFileType = sourcecode.swift; path = UICollectionView.swift; sourceTree = "<group>"; };
		94407E5A2A38A4D00083C9D2 /* SizeComponentItemView.swift */ = {isa = PBXFileReference; lastKnownFileType = sourcecode.swift; path = SizeComponentItemView.swift; sourceTree = "<group>"; };
		94407E5C2A39235A0083C9D2 /* DetailsControllerTests.swift */ = {isa = PBXFileReference; lastKnownFileType = sourcecode.swift; path = DetailsControllerTests.swift; sourceTree = "<group>"; };
		94A472F32A2E8E4A00686B4C /* MarketplaceChallenge.app */ = {isa = PBXFileReference; explicitFileType = wrapper.application; includeInIndex = 0; path = MarketplaceChallenge.app; sourceTree = BUILT_PRODUCTS_DIR; };
		94A472F62A2E8E4A00686B4C /* AppDelegate.swift */ = {isa = PBXFileReference; lastKnownFileType = sourcecode.swift; path = AppDelegate.swift; sourceTree = "<group>"; };
		94A472FA2A2E8E4A00686B4C /* HomeController.swift */ = {isa = PBXFileReference; lastKnownFileType = sourcecode.swift; path = HomeController.swift; sourceTree = "<group>"; };
		94A472FF2A2E8E4C00686B4C /* Assets.xcassets */ = {isa = PBXFileReference; lastKnownFileType = folder.assetcatalog; path = Assets.xcassets; sourceTree = "<group>"; };
		94A473022A2E8E4C00686B4C /* Base */ = {isa = PBXFileReference; lastKnownFileType = file.storyboard; name = Base; path = Base.lproj/LaunchScreen.storyboard; sourceTree = "<group>"; };
		94A473042A2E8E4C00686B4C /* Info.plist */ = {isa = PBXFileReference; lastKnownFileType = text.plist.xml; path = Info.plist; sourceTree = "<group>"; };
		94A473092A2E8E4C00686B4C /* MarketplaceChallengeTests.xctest */ = {isa = PBXFileReference; explicitFileType = wrapper.cfbundle; includeInIndex = 0; path = MarketplaceChallengeTests.xctest; sourceTree = BUILT_PRODUCTS_DIR; };
		94A4730D2A2E8E4C00686B4C /* HomeControllerTests.swift */ = {isa = PBXFileReference; lastKnownFileType = sourcecode.swift; path = HomeControllerTests.swift; sourceTree = "<group>"; };
		94DC06572A3374DF00EEE3F6 /* HomeViewModel.swift */ = {isa = PBXFileReference; lastKnownFileType = sourcecode.swift; path = HomeViewModel.swift; sourceTree = "<group>"; };
		94DC065B2A3376D100EEE3F6 /* HomeStatus.swift */ = {isa = PBXFileReference; lastKnownFileType = sourcecode.swift; path = HomeStatus.swift; sourceTree = "<group>"; };
		94DC065F2A3377F200EEE3F6 /* HomeViewModelTests.swift */ = {isa = PBXFileReference; lastKnownFileType = sourcecode.swift; path = HomeViewModelTests.swift; sourceTree = "<group>"; };
		94DC06642A33828600EEE3F6 /* HomeItemView.swift */ = {isa = PBXFileReference; lastKnownFileType = sourcecode.swift; path = HomeItemView.swift; sourceTree = "<group>"; };
		94DC066F2A339EE600EEE3F6 /* HomeItemViewTests.swift */ = {isa = PBXFileReference; lastKnownFileType = sourcecode.swift; path = HomeItemViewTests.swift; sourceTree = "<group>"; };
		94DC06AD2A33A8F900EEE3F6 /* XCTestExtensionView.swift */ = {isa = PBXFileReference; fileEncoding = 4; lastKnownFileType = sourcecode.swift; path = XCTestExtensionView.swift; sourceTree = "<group>"; };
		94DC06AE2A33A8F900EEE3F6 /* UIImage.swift */ = {isa = PBXFileReference; fileEncoding = 4; lastKnownFileType = sourcecode.swift; path = UIImage.swift; sourceTree = "<group>"; };
		94DC06AF2A33A8F900EEE3F6 /* BaseXCTest.swift */ = {isa = PBXFileReference; fileEncoding = 4; lastKnownFileType = sourcecode.swift; path = BaseXCTest.swift; sourceTree = "<group>"; };
		94DC06B12A33A8F900EEE3F6 /* Elements.swift */ = {isa = PBXFileReference; fileEncoding = 4; lastKnownFileType = sourcecode.swift; path = Elements.swift; sourceTree = "<group>"; };
		94DC06B72A33AE7D00EEE3F6 /* product_item.json */ = {isa = PBXFileReference; lastKnownFileType = text.json; path = product_item.json; sourceTree = "<group>"; };
		94DC06BB2A3400DE00EEE3F6 /* HomeItemViewModel.swift */ = {isa = PBXFileReference; lastKnownFileType = sourcecode.swift; path = HomeItemViewModel.swift; sourceTree = "<group>"; };
/* End PBXFileReference section */

/* Begin PBXFrameworksBuildPhase section */
		94A472F02A2E8E4A00686B4C /* Frameworks */ = {
			isa = PBXFrameworksBuildPhase;
			buildActionMask = 2147483647;
			files = (
				94407E492A38270E0083C9D2 /* SVGKitSwift in Frameworks */,
				94A4732E2A2E8FC900686B4C /* CoreSwift in Frameworks */,
			);
			runOnlyForDeploymentPostprocessing = 0;
		};
		94A473062A2E8E4C00686B4C /* Frameworks */ = {
			isa = PBXFrameworksBuildPhase;
			buildActionMask = 2147483647;
			files = (
				94407E502A383A100083C9D2 /* SVGKit in Frameworks */,
				94DC067E2A33A47B00EEE3F6 /* iOSSnapshotTestCase in Frameworks */,
			);
			runOnlyForDeploymentPostprocessing = 0;
		};
/* End PBXFrameworksBuildPhase section */

/* Begin PBXGroup section */
		9401F4462A2F76D700C32AA7 /* Infrastructure */ = {
			isa = PBXGroup;
			children = (
				9401F4A92A30B79F00C32AA7 /* Coordinator */,
				9401F4772A2F844100C32AA7 /* Constants */,
				9401F46B2A2F7F4A00C32AA7 /* LocalizableStrings */,
				9401F4472A2F76E300C32AA7 /* DesignSystem */,
			);
			path = Infrastructure;
			sourceTree = "<group>";
		};
		9401F4472A2F76E300C32AA7 /* DesignSystem */ = {
			isa = PBXGroup;
			children = (
				94407E552A389FDC0083C9D2 /* UICollectionView */,
				94407E3A2A37F4120083C9D2 /* UIView */,
				94373CDD2A3105D000C6091E /* UINavigationController */,
				9401F4632A2F7DEB00C32AA7 /* UIColors */,
				9401F4542A2F7A9E00C32AA7 /* CGFloat */,
				9401F4482A2F772E00C32AA7 /* UIFont */,
			);
			path = DesignSystem;
			sourceTree = "<group>";
		};
		9401F4482A2F772E00C32AA7 /* UIFont */ = {
			isa = PBXGroup;
			children = (
				9401F4502A2F794E00C32AA7 /* Extension */,
				9401F44A2A2F774600C32AA7 /* Enum */,
			);
			path = UIFont;
			sourceTree = "<group>";
		};
		9401F44A2A2F774600C32AA7 /* Enum */ = {
			isa = PBXGroup;
			children = (
				9401F44B2A2F781800C32AA7 /* FontStyleAndName.swift */,
				9401F44E2A2F78A500C32AA7 /* FontSize.swift */,
			);
			path = Enum;
			sourceTree = "<group>";
		};
		9401F4502A2F794E00C32AA7 /* Extension */ = {
			isa = PBXGroup;
			children = (
				9401F4512A2F795F00C32AA7 /* UIFont.swift */,
			);
			path = Extension;
			sourceTree = "<group>";
		};
		9401F4542A2F7A9E00C32AA7 /* CGFloat */ = {
			isa = PBXGroup;
			children = (
				9401F45B2A2F7B2100C32AA7 /* Extension */,
				9401F4552A2F7AA300C32AA7 /* Enum */,
			);
			path = CGFloat;
			sourceTree = "<group>";
		};
		9401F4552A2F7AA300C32AA7 /* Enum */ = {
			isa = PBXGroup;
			children = (
				9401F4562A2F7AB400C32AA7 /* Size.swift */,
				9401F4592A2F7AF000C32AA7 /* MarginSize.swift */,
			);
			path = Enum;
			sourceTree = "<group>";
		};
		9401F45B2A2F7B2100C32AA7 /* Extension */ = {
			isa = PBXGroup;
			children = (
				9401F45C2A2F7B3D00C32AA7 /* CGFloat.swift */,
			);
			path = Extension;
			sourceTree = "<group>";
		};
		9401F4632A2F7DEB00C32AA7 /* UIColors */ = {
			isa = PBXGroup;
			children = (
				9401F4672A2F7E9A00C32AA7 /* Extension */,
				9401F4642A2F7DFE00C32AA7 /* Enum */,
			);
			path = UIColors;
			sourceTree = "<group>";
		};
		9401F4642A2F7DFE00C32AA7 /* Enum */ = {
			isa = PBXGroup;
			children = (
				9401F4652A2F7E0E00C32AA7 /* Colors.swift */,
			);
			path = Enum;
			sourceTree = "<group>";
		};
		9401F4672A2F7E9A00C32AA7 /* Extension */ = {
			isa = PBXGroup;
			children = (
				9401F4682A2F7ECE00C32AA7 /* UIColor.swift */,
			);
			path = Extension;
			sourceTree = "<group>";
		};
		9401F46B2A2F7F4A00C32AA7 /* LocalizableStrings */ = {
			isa = PBXGroup;
			children = (
				9401F46C2A2F7F6D00C32AA7 /* LocalizableBundle.swift */,
			);
			path = LocalizableStrings;
			sourceTree = "<group>";
		};
		9401F46E2A2F7F8900C32AA7 /* Strings */ = {
			isa = PBXGroup;
			children = (
				9401F46F2A2F7F9B00C32AA7 /* Localizable.strings */,
				9401F4752A2F804800C32AA7 /* AccessibilityLocalizable.strings */,
			);
			path = Strings;
			sourceTree = "<group>";
		};
		9401F4772A2F844100C32AA7 /* Constants */ = {
			isa = PBXGroup;
			children = (
				9401F4782A2F845B00C32AA7 /* ApplicationConstants.swift */,
			);
			path = Constants;
			sourceTree = "<group>";
		};
		9401F47B2A2F856D00C32AA7 /* Data */ = {
			isa = PBXGroup;
			children = (
				9401F4902A2FA8FB00C32AA7 /* Manager */,
				9401F4852A2F8EAB00C32AA7 /* Operation */,
				9401F47C2A2F857100C32AA7 /* Model */,
			);
			path = Data;
			sourceTree = "<group>";
		};
		9401F47C2A2F857100C32AA7 /* Model */ = {
			isa = PBXGroup;
			children = (
				9401F47D2A2F857600C32AA7 /* Response */,
			);
			path = Model;
			sourceTree = "<group>";
		};
		9401F47D2A2F857600C32AA7 /* Response */ = {
			isa = PBXGroup;
			children = (
				9401F47E2A2F858700C32AA7 /* ProductResponse.swift */,
			);
			path = Response;
			sourceTree = "<group>";
		};
		9401F4802A2F8CC700C32AA7 /* Domain */ = {
			isa = PBXGroup;
			children = (
				94DC06562A3374C600EEE3F6 /* ViewModel */,
				9401F4812A2F8CD200C32AA7 /* Business */,
			);
			path = Domain;
			sourceTree = "<group>";
		};
		9401F4812A2F8CD200C32AA7 /* Business */ = {
			isa = PBXGroup;
			children = (
				9401F4822A2F8CE700C32AA7 /* HomeBusiness.swift */,
			);
			path = Business;
			sourceTree = "<group>";
		};
		9401F4852A2F8EAB00C32AA7 /* Operation */ = {
			isa = PBXGroup;
			children = (
				9401F4862A2F92C500C32AA7 /* ProductListGetOperation.swift */,
			);
			path = Operation;
			sourceTree = "<group>";
		};
		9401F4902A2FA8FB00C32AA7 /* Manager */ = {
			isa = PBXGroup;
			children = (
				9401F4912A2FA90600C32AA7 /* HomeManager.swift */,
			);
			path = Manager;
			sourceTree = "<group>";
		};
		9401F4932A2FAA3500C32AA7 /* Data */ = {
			isa = PBXGroup;
			children = (
				9401F4942A2FAA3B00C32AA7 /* Manager */,
			);
			path = Data;
			sourceTree = "<group>";
		};
		9401F4942A2FAA3B00C32AA7 /* Manager */ = {
			isa = PBXGroup;
			children = (
				9401F4952A2FAA4C00C32AA7 /* HomeManagerTests.swift */,
			);
			path = Manager;
			sourceTree = "<group>";
		};
		9401F4982A2FAC7600C32AA7 /* Infrastructure */ = {
			isa = PBXGroup;
			children = (
				94DC06AB2A33A8F900EEE3F6 /* BaseXCTest */,
				9401F4992A2FAC9600C32AA7 /* Bundle */,
			);
			path = Infrastructure;
			sourceTree = "<group>";
		};
		9401F4992A2FAC9600C32AA7 /* Bundle */ = {
			isa = PBXGroup;
			children = (
				9401F49A2A2FACBB00C32AA7 /* MarketplaceChallengeTests.swift */,
			);
			path = Bundle;
			sourceTree = "<group>";
		};
		9401F49C2A2FAD4500C32AA7 /* Resources */ = {
			isa = PBXGroup;
			children = (
				9401F49D2A2FAD5300C32AA7 /* Json */,
			);
			path = Resources;
			sourceTree = "<group>";
		};
		9401F49D2A2FAD5300C32AA7 /* Json */ = {
			isa = PBXGroup;
			children = (
				9401F49E2A2FADD700C32AA7 /* product_list_success.json */,
				94DC06B72A33AE7D00EEE3F6 /* product_item.json */,
			);
			path = Json;
			sourceTree = "<group>";
		};
		9401F4A52A30AD9800C32AA7 /* Coordinator */ = {
			isa = PBXGroup;
			children = (
				9401F4A62A30AFFB00C32AA7 /* HomeCoordinator.swift */,
				94373CBC2A30D0A300C6091E /* HomeCoordinatorFactory.swift */,
			);
			path = Coordinator;
			sourceTree = "<group>";
		};
		9401F4A92A30B79F00C32AA7 /* Coordinator */ = {
			isa = PBXGroup;
			children = (
				94373CC52A30DC1E00C6091E /* ApplicationCoordinator */,
			);
			path = Coordinator;
			sourceTree = "<group>";
		};
		94373CC52A30DC1E00C6091E /* ApplicationCoordinator */ = {
			isa = PBXGroup;
			children = (
				94373CC62A30DC4000C6091E /* ApplicationCoordinator.swift */,
				94373CC82A30DFF600C6091E /* CoordinatorFactory.swift */,
			);
			path = ApplicationCoordinator;
			sourceTree = "<group>";
		};
		94373CDD2A3105D000C6091E /* UINavigationController */ = {
			isa = PBXGroup;
			children = (
				94373CDE2A3105F500C6091E /* UINavigationController.swift */,
			);
			path = UINavigationController;
			sourceTree = "<group>";
		};
		94407E132A3765090083C9D2 /* Application */ = {
			isa = PBXGroup;
			children = (
				94407E142A37652A0083C9D2 /* ApplicationCoordinatorTests.swift */,
			);
			path = Application;
			sourceTree = "<group>";
		};
		94407E172A376DD00083C9D2 /* Coordinator */ = {
			isa = PBXGroup;
			children = (
				94407E182A376DE50083C9D2 /* HomeCoordinatorTests.swift */,
			);
			path = Coordinator;
			sourceTree = "<group>";
		};
		94407E1D2A37981A0083C9D2 /* Details */ = {
			isa = PBXGroup;
			children = (
				94407E362A37F2E20083C9D2 /* Domain */,
				94407E1E2A3798250083C9D2 /* Presentation */,
			);
			path = Details;
			sourceTree = "<group>";
		};
		94407E1E2A3798250083C9D2 /* Presentation */ = {
			isa = PBXGroup;
			children = (
				94407E322A37F2940083C9D2 /* View */,
				94407E1F2A3798340083C9D2 /* Controller */,
			);
			path = Presentation;
			sourceTree = "<group>";
		};
		94407E1F2A3798340083C9D2 /* Controller */ = {
			isa = PBXGroup;
			children = (
				94407E202A3798640083C9D2 /* DetailsController.swift */,
			);
			path = Controller;
			sourceTree = "<group>";
		};
		94407E222A37ACBE0083C9D2 /* Components */ = {
			isa = PBXGroup;
			children = (
				94407E232A37ACC60083C9D2 /* Button */,
			);
			path = Components;
			sourceTree = "<group>";
		};
		94407E232A37ACC60083C9D2 /* Button */ = {
			isa = PBXGroup;
			children = (
				94407E242A37ACED0083C9D2 /* ButtonBuyFooterViewTests.swift */,
			);
			path = Button;
			sourceTree = "<group>";
		};
		94407E262A37B6420083C9D2 /* Components */ = {
			isa = PBXGroup;
			children = (
				94407E592A38A3B00083C9D2 /* View */,
				94407E272A37B6480083C9D2 /* Button */,
			);
			path = Components;
			sourceTree = "<group>";
		};
		94407E272A37B6480083C9D2 /* Button */ = {
			isa = PBXGroup;
			children = (
				94407E282A37B6570083C9D2 /* ButtonBuyFooterView.swift */,
			);
			path = Button;
			sourceTree = "<group>";
		};
		94407E2B2A37BC3F0083C9D2 /* Details */ = {
			isa = PBXGroup;
			children = (
				94407E2C2A37BC440083C9D2 /* Presentation */,
			);
			path = Details;
			sourceTree = "<group>";
		};
		94407E2C2A37BC440083C9D2 /* Presentation */ = {
			isa = PBXGroup;
			children = (
				94407E2E2A37BC560083C9D2 /* View */,
				94407E2D2A37BC4B0083C9D2 /* Controller */,
			);
			path = Presentation;
			sourceTree = "<group>";
		};
		94407E2D2A37BC4B0083C9D2 /* Controller */ = {
			isa = PBXGroup;
			children = (
				94407E5C2A39235A0083C9D2 /* DetailsControllerTests.swift */,
			);
			path = Controller;
			sourceTree = "<group>";
		};
		94407E2E2A37BC560083C9D2 /* View */ = {
			isa = PBXGroup;
			children = (
				94407E302A37BDE70083C9D2 /* ProductDetailsViewTests.swift */,
			);
			path = View;
			sourceTree = "<group>";
		};
		94407E322A37F2940083C9D2 /* View */ = {
			isa = PBXGroup;
			children = (
				94407E332A37F2A60083C9D2 /* ProductDetailsView.swift */,
			);
			path = View;
			sourceTree = "<group>";
		};
		94407E362A37F2E20083C9D2 /* Domain */ = {
			isa = PBXGroup;
			children = (
				94407E372A37F2F20083C9D2 /* ViewModel */,
			);
			path = Domain;
			sourceTree = "<group>";
		};
		94407E372A37F2F20083C9D2 /* ViewModel */ = {
			isa = PBXGroup;
			children = (
				94407E382A37F3040083C9D2 /* ProductDetailsViewModel.swift */,
				94407E3F2A38027D0083C9D2 /* DetailsControllerViewModel.swift */,
			);
			path = ViewModel;
			sourceTree = "<group>";
		};
		94407E3A2A37F4120083C9D2 /* UIView */ = {
			isa = PBXGroup;
			children = (
				94407E3B2A37F4200083C9D2 /* UIView.swift */,
			);
			path = UIView;
			sourceTree = "<group>";
		};
		94407E4A2A382C360083C9D2 /* SVGImages */ = {
			isa = PBXGroup;
			children = (
				94407E4B2A382C500083C9D2 /* icon_market */,
			);
			path = SVGImages;
			sourceTree = "<group>";
		};
		94407E4B2A382C500083C9D2 /* icon_market */ = {
			isa = PBXGroup;
			children = (
				94407E4D2A382C970083C9D2 /* icon_market.svg */,
			);
			path = icon_market;
			sourceTree = "<group>";
		};
		94407E552A389FDC0083C9D2 /* UICollectionView */ = {
			isa = PBXGroup;
			children = (
				94407E562A389FF30083C9D2 /* UICollectionView.swift */,
			);
			path = UICollectionView;
			sourceTree = "<group>";
		};
		94407E592A38A3B00083C9D2 /* View */ = {
			isa = PBXGroup;
			children = (
				94407E522A3897950083C9D2 /* SizeComponentView.swift */,
				94407E5A2A38A4D00083C9D2 /* SizeComponentItemView.swift */,
			);
			path = View;
			sourceTree = "<group>";
		};
		94A472EA2A2E8E4A00686B4C = {
			isa = PBXGroup;
			children = (
				94407E0F2A375E0D0083C9D2 /* MarketplaceChallenge.xctestplan */,
				94A472F52A2E8E4A00686B4C /* MarketplaceChallenge */,
				94A4730C2A2E8E4C00686B4C /* MarketplaceChallengeTests */,
				94A472F42A2E8E4A00686B4C /* Products */,
				94DC06772A33A34E00EEE3F6 /* Frameworks */,
			);
			sourceTree = "<group>";
		};
		94A472F42A2E8E4A00686B4C /* Products */ = {
			isa = PBXGroup;
			children = (
				94A472F32A2E8E4A00686B4C /* MarketplaceChallenge.app */,
				94A473092A2E8E4C00686B4C /* MarketplaceChallengeTests.xctest */,
			);
			name = Products;
			sourceTree = "<group>";
		};
		94A472F52A2E8E4A00686B4C /* MarketplaceChallenge */ = {
			isa = PBXGroup;
			children = (
				94A473332A2E922D00686B4C /* Resources */,
				94A473302A2E91D900686B4C /* SupportFiles */,
				94A4732F2A2E91D100686B4C /* Sources */,
			);
			path = MarketplaceChallenge;
			sourceTree = "<group>";
		};
		94A4730C2A2E8E4C00686B4C /* MarketplaceChallengeTests */ = {
			isa = PBXGroup;
			children = (
				9401F4982A2FAC7600C32AA7 /* Infrastructure */,
				9401F49C2A2FAD4500C32AA7 /* Resources */,
				94A473372A2E9AB200686B4C /* Sources */,
			);
			path = MarketplaceChallengeTests;
			sourceTree = "<group>";
		};
		94A4732F2A2E91D100686B4C /* Sources */ = {
			isa = PBXGroup;
			children = (
				94A473312A2E91EB00686B4C /* Features */,
				9401F4462A2F76D700C32AA7 /* Infrastructure */,
			);
			path = Sources;
			sourceTree = "<group>";
		};
		94A473302A2E91D900686B4C /* SupportFiles */ = {
			isa = PBXGroup;
			children = (
				94A473042A2E8E4C00686B4C /* Info.plist */,
				94A473012A2E8E4C00686B4C /* LaunchScreen.storyboard */,
				94A472F62A2E8E4A00686B4C /* AppDelegate.swift */,
				9401F4A02A2FCAA100C32AA7 /* main.swift */,
			);
			path = SupportFiles;
			sourceTree = "<group>";
		};
		94A473312A2E91EB00686B4C /* Features */ = {
			isa = PBXGroup;
			children = (
				94407E262A37B6420083C9D2 /* Components */,
				94407E1D2A37981A0083C9D2 /* Details */,
				94A473322A2E91F500686B4C /* Home */,
			);
			path = Features;
			sourceTree = "<group>";
		};
		94A473322A2E91F500686B4C /* Home */ = {
			isa = PBXGroup;
			children = (
				94DC06592A3376AD00EEE3F6 /* Emuns */,
				9401F47B2A2F856D00C32AA7 /* Data */,
				9401F4802A2F8CC700C32AA7 /* Domain */,
				94A4733C2A2E9AFC00686B4C /* Presentation */,
			);
			path = Home;
			sourceTree = "<group>";
		};
		94A473332A2E922D00686B4C /* Resources */ = {
			isa = PBXGroup;
			children = (
				9401F46E2A2F7F8900C32AA7 /* Strings */,
				94A473342A2E923400686B4C /* Assets */,
			);
			path = Resources;
			sourceTree = "<group>";
		};
		94A473342A2E923400686B4C /* Assets */ = {
			isa = PBXGroup;
			children = (
				94407E4A2A382C360083C9D2 /* SVGImages */,
				94A472FF2A2E8E4C00686B4C /* Assets.xcassets */,
				9401F4612A2F7CAB00C32AA7 /* Colors.xcassets */,
			);
			path = Assets;
			sourceTree = "<group>";
		};
		94A473372A2E9AB200686B4C /* Sources */ = {
			isa = PBXGroup;
			children = (
				94407E222A37ACBE0083C9D2 /* Components */,
				94A473382A2E9AB800686B4C /* Features */,
			);
			path = Sources;
			sourceTree = "<group>";
		};
		94A473382A2E9AB800686B4C /* Features */ = {
			isa = PBXGroup;
			children = (
				94407E2B2A37BC3F0083C9D2 /* Details */,
				94407E132A3765090083C9D2 /* Application */,
				94A473392A2E9ABD00686B4C /* Home */,
			);
			path = Features;
			sourceTree = "<group>";
		};
		94A473392A2E9ABD00686B4C /* Home */ = {
			isa = PBXGroup;
			children = (
				94DC065D2A3377D900EEE3F6 /* Domain */,
				9401F4932A2FAA3500C32AA7 /* Data */,
				94A4733A2A2E9AC200686B4C /* Presentation */,
			);
			path = Home;
			sourceTree = "<group>";
		};
		94A4733A2A2E9AC200686B4C /* Presentation */ = {
			isa = PBXGroup;
			children = (
				94407E172A376DD00083C9D2 /* Coordinator */,
				94DC066E2A339ED300EEE3F6 /* View */,
				94A4733B2A2E9AC800686B4C /* Controller */,
			);
			path = Presentation;
			sourceTree = "<group>";
		};
		94A4733B2A2E9AC800686B4C /* Controller */ = {
			isa = PBXGroup;
			children = (
				94A4730D2A2E8E4C00686B4C /* HomeControllerTests.swift */,
				94407E112A375EFF0083C9D2 /* HomeControllerFactoryTests.swift */,
			);
			path = Controller;
			sourceTree = "<group>";
		};
		94A4733C2A2E9AFC00686B4C /* Presentation */ = {
			isa = PBXGroup;
			children = (
				94DC06622A33820600EEE3F6 /* View */,
				9401F4A52A30AD9800C32AA7 /* Coordinator */,
				94A4733D2A2E9B0500686B4C /* Controller */,
			);
			path = Presentation;
			sourceTree = "<group>";
		};
		94A4733D2A2E9B0500686B4C /* Controller */ = {
			isa = PBXGroup;
			children = (
				94A472FA2A2E8E4A00686B4C /* HomeController.swift */,
				94373CC12A30D61B00C6091E /* HomeControllerFactory.swift */,
			);
			path = Controller;
			sourceTree = "<group>";
		};
		94DC06562A3374C600EEE3F6 /* ViewModel */ = {
			isa = PBXGroup;
			children = (
				94DC06572A3374DF00EEE3F6 /* HomeViewModel.swift */,
				94DC06BB2A3400DE00EEE3F6 /* HomeItemViewModel.swift */,
			);
			path = ViewModel;
			sourceTree = "<group>";
		};
		94DC06592A3376AD00EEE3F6 /* Emuns */ = {
			isa = PBXGroup;
			children = (
				94DC065A2A3376B500EEE3F6 /* HomeStatus */,
			);
			path = Emuns;
			sourceTree = "<group>";
		};
		94DC065A2A3376B500EEE3F6 /* HomeStatus */ = {
			isa = PBXGroup;
			children = (
				94DC065B2A3376D100EEE3F6 /* HomeStatus.swift */,
			);
			path = HomeStatus;
			sourceTree = "<group>";
		};
		94DC065D2A3377D900EEE3F6 /* Domain */ = {
			isa = PBXGroup;
			children = (
				94DC065E2A3377DE00EEE3F6 /* ViewModel */,
			);
			path = Domain;
			sourceTree = "<group>";
		};
		94DC065E2A3377DE00EEE3F6 /* ViewModel */ = {
			isa = PBXGroup;
			children = (
				94DC065F2A3377F200EEE3F6 /* HomeViewModelTests.swift */,
			);
			path = ViewModel;
			sourceTree = "<group>";
		};
		94DC06622A33820600EEE3F6 /* View */ = {
			isa = PBXGroup;
			children = (
				94DC06642A33828600EEE3F6 /* HomeItemView.swift */,
			);
			path = View;
			sourceTree = "<group>";
		};
		94DC066E2A339ED300EEE3F6 /* View */ = {
			isa = PBXGroup;
			children = (
				94DC066F2A339EE600EEE3F6 /* HomeItemViewTests.swift */,
			);
			path = View;
			sourceTree = "<group>";
		};
		94DC06772A33A34E00EEE3F6 /* Frameworks */ = {
			isa = PBXGroup;
			children = (
			);
			name = Frameworks;
			sourceTree = "<group>";
		};
		94DC06AB2A33A8F900EEE3F6 /* BaseXCTest */ = {
			isa = PBXGroup;
			children = (
				94DC06AC2A33A8F900EEE3F6 /* Extension */,
				94DC06AF2A33A8F900EEE3F6 /* BaseXCTest.swift */,
				94DC06B02A33A8F900EEE3F6 /* Elements */,
			);
			path = BaseXCTest;
			sourceTree = "<group>";
		};
		94DC06AC2A33A8F900EEE3F6 /* Extension */ = {
			isa = PBXGroup;
			children = (
				94DC06AD2A33A8F900EEE3F6 /* XCTestExtensionView.swift */,
				94DC06AE2A33A8F900EEE3F6 /* UIImage.swift */,
			);
			path = Extension;
			sourceTree = "<group>";
		};
		94DC06B02A33A8F900EEE3F6 /* Elements */ = {
			isa = PBXGroup;
			children = (
				94DC06B12A33A8F900EEE3F6 /* Elements.swift */,
			);
			path = Elements;
			sourceTree = "<group>";
		};
/* End PBXGroup section */

/* Begin PBXNativeTarget section */
		94A472F22A2E8E4A00686B4C /* MarketplaceChallenge */ = {
			isa = PBXNativeTarget;
			buildConfigurationList = 94A4731D2A2E8E4C00686B4C /* Build configuration list for PBXNativeTarget "MarketplaceChallenge" */;
			buildPhases = (
				94A472EF2A2E8E4A00686B4C /* Sources */,
				94A472F02A2E8E4A00686B4C /* Frameworks */,
				94A472F12A2E8E4A00686B4C /* Resources */,
				94A473362A2E977E00686B4C /* Embed Frameworks */,
			);
			buildRules = (
			);
			dependencies = (
				9401F4432A2F702000C32AA7 /* PBXTargetDependency */,
			);
			name = MarketplaceChallenge;
			packageProductDependencies = (
				94A4732D2A2E8FC900686B4C /* CoreSwift */,
				94407E482A38270E0083C9D2 /* SVGKitSwift */,
			);
			productName = MarketplaceChallenge;
			productReference = 94A472F32A2E8E4A00686B4C /* MarketplaceChallenge.app */;
			productType = "com.apple.product-type.application";
		};
		94A473082A2E8E4C00686B4C /* MarketplaceChallengeTests */ = {
			isa = PBXNativeTarget;
			buildConfigurationList = 94A473202A2E8E4C00686B4C /* Build configuration list for PBXNativeTarget "MarketplaceChallengeTests" */;
			buildPhases = (
				94A473052A2E8E4C00686B4C /* Sources */,
				94A473062A2E8E4C00686B4C /* Frameworks */,
				94A473072A2E8E4C00686B4C /* Resources */,
			);
			buildRules = (
			);
			dependencies = (
				94A4730B2A2E8E4C00686B4C /* PBXTargetDependency */,
			);
			name = MarketplaceChallengeTests;
			packageProductDependencies = (
				94DC067D2A33A47B00EEE3F6 /* iOSSnapshotTestCase */,
				94407E4F2A383A100083C9D2 /* SVGKit */,
			);
			productName = MarketplaceChallengeTests;
			productReference = 94A473092A2E8E4C00686B4C /* MarketplaceChallengeTests.xctest */;
			productType = "com.apple.product-type.bundle.unit-test";
		};
/* End PBXNativeTarget section */

/* Begin PBXProject section */
		94A472EB2A2E8E4A00686B4C /* Project object */ = {
			isa = PBXProject;
			attributes = {
				BuildIndependentTargetsInParallel = 1;
				LastSwiftUpdateCheck = 1430;
				LastUpgradeCheck = 1430;
				TargetAttributes = {
					94A472F22A2E8E4A00686B4C = {
						CreatedOnToolsVersion = 14.3;
					};
					94A473082A2E8E4C00686B4C = {
						CreatedOnToolsVersion = 14.3;
						TestTargetID = 94A472F22A2E8E4A00686B4C;
					};
				};
			};
			buildConfigurationList = 94A472EE2A2E8E4A00686B4C /* Build configuration list for PBXProject "MarketplaceChallenge" */;
			compatibilityVersion = "Xcode 14.0";
			developmentRegion = en;
			hasScannedForEncodings = 0;
			knownRegions = (
				en,
				Base,
			);
			mainGroup = 94A472EA2A2E8E4A00686B4C;
			packageReferences = (
				94A4732C2A2E8FC900686B4C /* XCRemoteSwiftPackageReference "CoreSwift" */,
				9401F4412A2F6FE900C32AA7 /* XCRemoteSwiftPackageReference "SwiftLintPlugin" */,
				94DC067C2A33A47B00EEE3F6 /* XCRemoteSwiftPackageReference "ios-snapshot-test-case" */,
				94407E472A38270E0083C9D2 /* XCRemoteSwiftPackageReference "SVGKit" */,
			);
			productRefGroup = 94A472F42A2E8E4A00686B4C /* Products */;
			projectDirPath = "";
			projectRoot = "";
			targets = (
				94A472F22A2E8E4A00686B4C /* MarketplaceChallenge */,
				94A473082A2E8E4C00686B4C /* MarketplaceChallengeTests */,
			);
		};
/* End PBXProject section */

/* Begin PBXResourcesBuildPhase section */
		94A472F12A2E8E4A00686B4C /* Resources */ = {
			isa = PBXResourcesBuildPhase;
			buildActionMask = 2147483647;
			files = (
				9401F4622A2F7CAB00C32AA7 /* Colors.xcassets in Resources */,
				9401F4702A2F7F9B00C32AA7 /* Localizable.strings in Resources */,
				9401F4762A2F804800C32AA7 /* AccessibilityLocalizable.strings in Resources */,
				94407E4E2A382C970083C9D2 /* icon_market.svg in Resources */,
				94A473032A2E8E4C00686B4C /* LaunchScreen.storyboard in Resources */,
				94A473002A2E8E4C00686B4C /* Assets.xcassets in Resources */,
			);
			runOnlyForDeploymentPostprocessing = 0;
		};
		94A473072A2E8E4C00686B4C /* Resources */ = {
			isa = PBXResourcesBuildPhase;
			buildActionMask = 2147483647;
			files = (
				94DC06B82A33AE7D00EEE3F6 /* product_item.json in Resources */,
				9401F49F2A2FADD700C32AA7 /* product_list_success.json in Resources */,
			);
			runOnlyForDeploymentPostprocessing = 0;
		};
/* End PBXResourcesBuildPhase section */

/* Begin PBXSourcesBuildPhase section */
		94A472EF2A2E8E4A00686B4C /* Sources */ = {
			isa = PBXSourcesBuildPhase;
			buildActionMask = 2147483647;
			files = (
				94407E3C2A37F4200083C9D2 /* UIView.swift in Sources */,
				94407E212A3798640083C9D2 /* DetailsController.swift in Sources */,
				94DC066B2A338F5300EEE3F6 /* CGFloat.swift in Sources */,
				94DC06652A33828600EEE3F6 /* HomeItemView.swift in Sources */,
				94A472FB2A2E8E4A00686B4C /* HomeController.swift in Sources */,
				94DC06582A3374DF00EEE3F6 /* HomeViewModel.swift in Sources */,
				94407E5B2A38A4D00083C9D2 /* SizeComponentItemView.swift in Sources */,
				9401F46D2A2F7F6D00C32AA7 /* LocalizableBundle.swift in Sources */,
				94DC066A2A338F4B00EEE3F6 /* FontSize.swift in Sources */,
				9401F4832A2F8CE700C32AA7 /* HomeBusiness.swift in Sources */,
				94407E392A37F3040083C9D2 /* ProductDetailsViewModel.swift in Sources */,
				94373CC92A30DFF600C6091E /* CoordinatorFactory.swift in Sources */,
				9401F4792A2F845B00C32AA7 /* ApplicationConstants.swift in Sources */,
				94373CBD2A30D0A300C6091E /* HomeCoordinatorFactory.swift in Sources */,
				94DC065C2A3376D100EEE3F6 /* HomeStatus.swift in Sources */,
				94407E292A37B6570083C9D2 /* ButtonBuyFooterView.swift in Sources */,
				94373CC22A30D61B00C6091E /* HomeControllerFactory.swift in Sources */,
				94DC066D2A338F5800EEE3F6 /* MarginSize.swift in Sources */,
				9401F4692A2F7ECE00C32AA7 /* UIColor.swift in Sources */,
				94DC06692A338F4800EEE3F6 /* FontStyleAndName.swift in Sources */,
				9401F4A72A30AFFB00C32AA7 /* HomeCoordinator.swift in Sources */,
				9401F4662A2F7E0E00C32AA7 /* Colors.swift in Sources */,
				94407E532A3897950083C9D2 /* SizeComponentView.swift in Sources */,
				94DC06BC2A3400DE00EEE3F6 /* HomeItemViewModel.swift in Sources */,
				9401F4922A2FA90700C32AA7 /* HomeManager.swift in Sources */,
				94407E402A38027D0083C9D2 /* DetailsControllerViewModel.swift in Sources */,
				9401F4A12A2FCAA100C32AA7 /* main.swift in Sources */,
				94A472F72A2E8E4A00686B4C /* AppDelegate.swift in Sources */,
				94373CDF2A3105F500C6091E /* UINavigationController.swift in Sources */,
				94DC06672A338F4500EEE3F6 /* UIFont.swift in Sources */,
				94DC066C2A338F5500EEE3F6 /* Size.swift in Sources */,
				94407E572A389FF30083C9D2 /* UICollectionView.swift in Sources */,
				9401F47F2A2F858700C32AA7 /* ProductResponse.swift in Sources */,
				9401F4872A2F92C500C32AA7 /* ProductListGetOperation.swift in Sources */,
				94373CC72A30DC4000C6091E /* ApplicationCoordinator.swift in Sources */,
				94407E342A37F2A60083C9D2 /* ProductDetailsView.swift in Sources */,
			);
			runOnlyForDeploymentPostprocessing = 0;
		};
		94A473052A2E8E4C00686B4C /* Sources */ = {
			isa = PBXSourcesBuildPhase;
			buildActionMask = 2147483647;
			files = (
				94407E192A376DE60083C9D2 /* HomeCoordinatorTests.swift in Sources */,
				9401F4962A2FAA4C00C32AA7 /* HomeManagerTests.swift in Sources */,
				94407E152A37652A0083C9D2 /* ApplicationCoordinatorTests.swift in Sources */,
				94DC06B42A33A8F900EEE3F6 /* BaseXCTest.swift in Sources */,
				94DC06702A339EE600EEE3F6 /* HomeItemViewTests.swift in Sources */,
				94407E5D2A39235A0083C9D2 /* DetailsControllerTests.swift in Sources */,
				94A4730E2A2E8E4C00686B4C /* HomeControllerTests.swift in Sources */,
				94407E252A37ACED0083C9D2 /* ButtonBuyFooterViewTests.swift in Sources */,
				94407E312A37BDE70083C9D2 /* ProductDetailsViewTests.swift in Sources */,
				94DC06602A3377F200EEE3F6 /* HomeViewModelTests.swift in Sources */,
				94DC06B52A33A8F900EEE3F6 /* Elements.swift in Sources */,
				94407E122A375EFF0083C9D2 /* HomeControllerFactoryTests.swift in Sources */,
				9401F49B2A2FACBB00C32AA7 /* MarketplaceChallengeTests.swift in Sources */,
				94DC06B22A33A8F900EEE3F6 /* XCTestExtensionView.swift in Sources */,
				94DC06B32A33A8F900EEE3F6 /* UIImage.swift in Sources */,
			);
			runOnlyForDeploymentPostprocessing = 0;
		};
/* End PBXSourcesBuildPhase section */

/* Begin PBXTargetDependency section */
		9401F4432A2F702000C32AA7 /* PBXTargetDependency */ = {
			isa = PBXTargetDependency;
			productRef = 9401F4422A2F702000C32AA7 /* SwiftLint */;
		};
		94A4730B2A2E8E4C00686B4C /* PBXTargetDependency */ = {
			isa = PBXTargetDependency;
			target = 94A472F22A2E8E4A00686B4C /* MarketplaceChallenge */;
			targetProxy = 94A4730A2A2E8E4C00686B4C /* PBXContainerItemProxy */;
		};
/* End PBXTargetDependency section */

/* Begin PBXVariantGroup section */
		94A473012A2E8E4C00686B4C /* LaunchScreen.storyboard */ = {
			isa = PBXVariantGroup;
			children = (
				94A473022A2E8E4C00686B4C /* Base */,
			);
			name = LaunchScreen.storyboard;
			sourceTree = "<group>";
		};
/* End PBXVariantGroup section */

/* Begin XCBuildConfiguration section */
		9401F4882A2F97FA00C32AA7 /* Develop */ = {
			isa = XCBuildConfiguration;
			buildSettings = {
				ALWAYS_SEARCH_USER_PATHS = NO;
				CLANG_ANALYZER_NONNULL = YES;
				CLANG_ANALYZER_NUMBER_OBJECT_CONVERSION = YES_AGGRESSIVE;
				CLANG_CXX_LANGUAGE_STANDARD = "gnu++20";
				CLANG_ENABLE_MODULES = YES;
				CLANG_ENABLE_OBJC_ARC = YES;
				CLANG_ENABLE_OBJC_WEAK = YES;
				CLANG_WARN_BLOCK_CAPTURE_AUTORELEASING = YES;
				CLANG_WARN_BOOL_CONVERSION = YES;
				CLANG_WARN_COMMA = YES;
				CLANG_WARN_CONSTANT_CONVERSION = YES;
				CLANG_WARN_DEPRECATED_OBJC_IMPLEMENTATIONS = YES;
				CLANG_WARN_DIRECT_OBJC_ISA_USAGE = YES_ERROR;
				CLANG_WARN_DOCUMENTATION_COMMENTS = YES;
				CLANG_WARN_EMPTY_BODY = YES;
				CLANG_WARN_ENUM_CONVERSION = YES;
				CLANG_WARN_INFINITE_RECURSION = YES;
				CLANG_WARN_INT_CONVERSION = YES;
				CLANG_WARN_NON_LITERAL_NULL_CONVERSION = YES;
				CLANG_WARN_OBJC_IMPLICIT_RETAIN_SELF = YES;
				CLANG_WARN_OBJC_LITERAL_CONVERSION = YES;
				CLANG_WARN_OBJC_ROOT_CLASS = YES_ERROR;
				CLANG_WARN_QUOTED_INCLUDE_IN_FRAMEWORK_HEADER = YES;
				CLANG_WARN_RANGE_LOOP_ANALYSIS = YES;
				CLANG_WARN_STRICT_PROTOTYPES = YES;
				CLANG_WARN_SUSPICIOUS_MOVE = YES;
				CLANG_WARN_UNGUARDED_AVAILABILITY = YES_AGGRESSIVE;
				CLANG_WARN_UNREACHABLE_CODE = YES;
				CLANG_WARN__DUPLICATE_METHOD_MATCH = YES;
				COPY_PHASE_STRIP = NO;
				DEBUG_INFORMATION_FORMAT = dwarf;
				ENABLE_STRICT_OBJC_MSGSEND = YES;
				ENABLE_TESTABILITY = YES;
				GCC_C_LANGUAGE_STANDARD = gnu11;
				GCC_DYNAMIC_NO_PIC = NO;
				GCC_NO_COMMON_BLOCKS = YES;
				GCC_OPTIMIZATION_LEVEL = 0;
				GCC_PREPROCESSOR_DEFINITIONS = (
					"DEBUG=1",
					"$(inherited)",
				);
				GCC_WARN_64_TO_32_BIT_CONVERSION = YES;
				GCC_WARN_ABOUT_RETURN_TYPE = YES_ERROR;
				GCC_WARN_UNDECLARED_SELECTOR = YES;
				GCC_WARN_UNINITIALIZED_AUTOS = YES_AGGRESSIVE;
				GCC_WARN_UNUSED_FUNCTION = YES;
				GCC_WARN_UNUSED_VARIABLE = YES;
				IPHONEOS_DEPLOYMENT_TARGET = 13.0;
				MTL_ENABLE_DEBUG_INFO = INCLUDE_SOURCE;
				MTL_FAST_MATH = YES;
				ONLY_ACTIVE_ARCH = YES;
				SDKROOT = iphoneos;
				SWIFT_ACTIVE_COMPILATION_CONDITIONS = DEBUG;
				SWIFT_OPTIMIZATION_LEVEL = "-Onone";
			};
			name = Develop;
		};
		9401F4892A2F97FA00C32AA7 /* Develop */ = {
			isa = XCBuildConfiguration;
			buildSettings = {
				APP_ENVIRONMENT = Develop;
				ASSETCATALOG_COMPILER_APPICON_NAME = AppIcon;
				ASSETCATALOG_COMPILER_GLOBAL_ACCENT_COLOR_NAME = AccentColor;
				CODE_SIGN_STYLE = Automatic;
				CURRENT_PROJECT_VERSION = 1;
				DEVELOPMENT_TEAM = FLM2WYKE6E;
				GENERATE_INFOPLIST_FILE = YES;
				INFOPLIST_FILE = MarketplaceChallenge/SupportFiles/Info.plist;
				INFOPLIST_KEY_UIApplicationSupportsIndirectInputEvents = YES;
				INFOPLIST_KEY_UILaunchStoryboardName = LaunchScreen;
				INFOPLIST_KEY_UISupportedInterfaceOrientations_iPad = "UIInterfaceOrientationPortrait UIInterfaceOrientationPortraitUpsideDown UIInterfaceOrientationLandscapeLeft UIInterfaceOrientationLandscapeRight";
				INFOPLIST_KEY_UISupportedInterfaceOrientations_iPhone = "UIInterfaceOrientationPortrait UIInterfaceOrientationLandscapeLeft UIInterfaceOrientationLandscapeRight";
				IPHONEOS_DEPLOYMENT_TARGET = 13.0;
				LD_RUNPATH_SEARCH_PATHS = (
					"$(inherited)",
					"@executable_path/Frameworks",
				);
				MARKETING_VERSION = 1.0;
				PRODUCT_BUNDLE_IDENTIFIER = br.com.andrecampopiano.MarketplaceChallenge;
				PRODUCT_NAME = "$(TARGET_NAME)";
				SERVER_URL = "http://www.mocky.io";
				SUPPORTED_PLATFORMS = "iphoneos iphonesimulator";
				SUPPORTS_MACCATALYST = NO;
				SUPPORTS_MAC_DESIGNED_FOR_IPHONE_IPAD = YES;
				SWIFT_EMIT_LOC_STRINGS = YES;
				SWIFT_VERSION = 5.0;
				TARGETED_DEVICE_FAMILY = "1,2";
			};
			name = Develop;
		};
		9401F48A2A2F97FA00C32AA7 /* Develop */ = {
			isa = XCBuildConfiguration;
			buildSettings = {
				ALWAYS_EMBED_SWIFT_STANDARD_LIBRARIES = YES;
				BUNDLE_LOADER = "$(TEST_HOST)";
				CODE_SIGN_STYLE = Automatic;
				CURRENT_PROJECT_VERSION = 1;
				DEVELOPMENT_TEAM = FLM2WYKE6E;
				GENERATE_INFOPLIST_FILE = YES;
				IPHONEOS_DEPLOYMENT_TARGET = 16.2;
				MARKETING_VERSION = 1.0;
				PRODUCT_BUNDLE_IDENTIFIER = br.com.andrecampopiano.MarketplaceChallengeTests;
				PRODUCT_NAME = "$(TARGET_NAME)";
				SWIFT_EMIT_LOC_STRINGS = NO;
				SWIFT_VERSION = 5.0;
				TARGETED_DEVICE_FAMILY = "1,2";
				TEST_HOST = "$(BUILT_PRODUCTS_DIR)/MarketplaceChallenge.app/$(BUNDLE_EXECUTABLE_FOLDER_PATH)/MarketplaceChallenge";
			};
			name = Develop;
		};
		9401F48C2A2F981300C32AA7 /* Release */ = {
			isa = XCBuildConfiguration;
			buildSettings = {
				ALWAYS_SEARCH_USER_PATHS = NO;
				CLANG_ANALYZER_NONNULL = YES;
				CLANG_ANALYZER_NUMBER_OBJECT_CONVERSION = YES_AGGRESSIVE;
				CLANG_CXX_LANGUAGE_STANDARD = "gnu++20";
				CLANG_ENABLE_MODULES = YES;
				CLANG_ENABLE_OBJC_ARC = YES;
				CLANG_ENABLE_OBJC_WEAK = YES;
				CLANG_WARN_BLOCK_CAPTURE_AUTORELEASING = YES;
				CLANG_WARN_BOOL_CONVERSION = YES;
				CLANG_WARN_COMMA = YES;
				CLANG_WARN_CONSTANT_CONVERSION = YES;
				CLANG_WARN_DEPRECATED_OBJC_IMPLEMENTATIONS = YES;
				CLANG_WARN_DIRECT_OBJC_ISA_USAGE = YES_ERROR;
				CLANG_WARN_DOCUMENTATION_COMMENTS = YES;
				CLANG_WARN_EMPTY_BODY = YES;
				CLANG_WARN_ENUM_CONVERSION = YES;
				CLANG_WARN_INFINITE_RECURSION = YES;
				CLANG_WARN_INT_CONVERSION = YES;
				CLANG_WARN_NON_LITERAL_NULL_CONVERSION = YES;
				CLANG_WARN_OBJC_IMPLICIT_RETAIN_SELF = YES;
				CLANG_WARN_OBJC_LITERAL_CONVERSION = YES;
				CLANG_WARN_OBJC_ROOT_CLASS = YES_ERROR;
				CLANG_WARN_QUOTED_INCLUDE_IN_FRAMEWORK_HEADER = YES;
				CLANG_WARN_RANGE_LOOP_ANALYSIS = YES;
				CLANG_WARN_STRICT_PROTOTYPES = YES;
				CLANG_WARN_SUSPICIOUS_MOVE = YES;
				CLANG_WARN_UNGUARDED_AVAILABILITY = YES_AGGRESSIVE;
				CLANG_WARN_UNREACHABLE_CODE = YES;
				CLANG_WARN__DUPLICATE_METHOD_MATCH = YES;
				COPY_PHASE_STRIP = NO;
				DEBUG_INFORMATION_FORMAT = "dwarf-with-dsym";
				ENABLE_NS_ASSERTIONS = NO;
				ENABLE_STRICT_OBJC_MSGSEND = YES;
				GCC_C_LANGUAGE_STANDARD = gnu11;
				GCC_NO_COMMON_BLOCKS = YES;
				GCC_WARN_64_TO_32_BIT_CONVERSION = YES;
				GCC_WARN_ABOUT_RETURN_TYPE = YES_ERROR;
				GCC_WARN_UNDECLARED_SELECTOR = YES;
				GCC_WARN_UNINITIALIZED_AUTOS = YES_AGGRESSIVE;
				GCC_WARN_UNUSED_FUNCTION = YES;
				GCC_WARN_UNUSED_VARIABLE = YES;
				IPHONEOS_DEPLOYMENT_TARGET = 13.0;
				MTL_ENABLE_DEBUG_INFO = NO;
				MTL_FAST_MATH = YES;
				SDKROOT = iphoneos;
				SWIFT_COMPILATION_MODE = wholemodule;
				SWIFT_OPTIMIZATION_LEVEL = "-O";
				VALIDATE_PRODUCT = YES;
			};
			name = Release;
		};
		9401F48D2A2F981300C32AA7 /* Release */ = {
			isa = XCBuildConfiguration;
			buildSettings = {
				APP_ENVIRONMENT = Release;
				ASSETCATALOG_COMPILER_APPICON_NAME = AppIcon;
				ASSETCATALOG_COMPILER_GLOBAL_ACCENT_COLOR_NAME = AccentColor;
				CODE_SIGN_STYLE = Automatic;
				CURRENT_PROJECT_VERSION = 1;
				DEVELOPMENT_TEAM = FLM2WYKE6E;
				GENERATE_INFOPLIST_FILE = YES;
				INFOPLIST_FILE = MarketplaceChallenge/SupportFiles/Info.plist;
				INFOPLIST_KEY_UIApplicationSupportsIndirectInputEvents = YES;
				INFOPLIST_KEY_UILaunchStoryboardName = LaunchScreen;
				INFOPLIST_KEY_UISupportedInterfaceOrientations_iPad = "UIInterfaceOrientationPortrait UIInterfaceOrientationPortraitUpsideDown UIInterfaceOrientationLandscapeLeft UIInterfaceOrientationLandscapeRight";
				INFOPLIST_KEY_UISupportedInterfaceOrientations_iPhone = "UIInterfaceOrientationPortrait UIInterfaceOrientationLandscapeLeft UIInterfaceOrientationLandscapeRight";
				IPHONEOS_DEPLOYMENT_TARGET = 13.0;
				LD_RUNPATH_SEARCH_PATHS = (
					"$(inherited)",
					"@executable_path/Frameworks",
				);
				MARKETING_VERSION = 1.0;
				PRODUCT_BUNDLE_IDENTIFIER = br.com.andrecampopiano.MarketplaceChallenge;
				PRODUCT_NAME = "$(TARGET_NAME)";
				SERVER_URL = "http://www.mocky.io";
				SUPPORTED_PLATFORMS = "iphoneos iphonesimulator";
				SUPPORTS_MACCATALYST = NO;
				SUPPORTS_MAC_DESIGNED_FOR_IPHONE_IPAD = YES;
				SWIFT_EMIT_LOC_STRINGS = YES;
				SWIFT_VERSION = 5.0;
				TARGETED_DEVICE_FAMILY = "1,2";
			};
			name = Release;
		};
		9401F48E2A2F981300C32AA7 /* Release */ = {
			isa = XCBuildConfiguration;
			buildSettings = {
				ALWAYS_EMBED_SWIFT_STANDARD_LIBRARIES = YES;
				BUNDLE_LOADER = "$(TEST_HOST)";
				CODE_SIGN_STYLE = Automatic;
				CURRENT_PROJECT_VERSION = 1;
				DEVELOPMENT_TEAM = FLM2WYKE6E;
				GENERATE_INFOPLIST_FILE = YES;
				IPHONEOS_DEPLOYMENT_TARGET = 16.2;
				MARKETING_VERSION = 1.0;
				PRODUCT_BUNDLE_IDENTIFIER = br.com.andrecampopiano.MarketplaceChallengeTests;
				PRODUCT_NAME = "$(TARGET_NAME)";
				SWIFT_EMIT_LOC_STRINGS = NO;
				SWIFT_VERSION = 5.0;
				TARGETED_DEVICE_FAMILY = "1,2";
				TEST_HOST = "$(BUILT_PRODUCTS_DIR)/MarketplaceChallenge.app/$(BUNDLE_EXECUTABLE_FOLDER_PATH)/MarketplaceChallenge";
			};
			name = Release;
		};
		94A4731B2A2E8E4C00686B4C /* Debug */ = {
			isa = XCBuildConfiguration;
			buildSettings = {
				ALWAYS_SEARCH_USER_PATHS = NO;
				CLANG_ANALYZER_NONNULL = YES;
				CLANG_ANALYZER_NUMBER_OBJECT_CONVERSION = YES_AGGRESSIVE;
				CLANG_CXX_LANGUAGE_STANDARD = "gnu++20";
				CLANG_ENABLE_MODULES = YES;
				CLANG_ENABLE_OBJC_ARC = YES;
				CLANG_ENABLE_OBJC_WEAK = YES;
				CLANG_WARN_BLOCK_CAPTURE_AUTORELEASING = YES;
				CLANG_WARN_BOOL_CONVERSION = YES;
				CLANG_WARN_COMMA = YES;
				CLANG_WARN_CONSTANT_CONVERSION = YES;
				CLANG_WARN_DEPRECATED_OBJC_IMPLEMENTATIONS = YES;
				CLANG_WARN_DIRECT_OBJC_ISA_USAGE = YES_ERROR;
				CLANG_WARN_DOCUMENTATION_COMMENTS = YES;
				CLANG_WARN_EMPTY_BODY = YES;
				CLANG_WARN_ENUM_CONVERSION = YES;
				CLANG_WARN_INFINITE_RECURSION = YES;
				CLANG_WARN_INT_CONVERSION = YES;
				CLANG_WARN_NON_LITERAL_NULL_CONVERSION = YES;
				CLANG_WARN_OBJC_IMPLICIT_RETAIN_SELF = YES;
				CLANG_WARN_OBJC_LITERAL_CONVERSION = YES;
				CLANG_WARN_OBJC_ROOT_CLASS = YES_ERROR;
				CLANG_WARN_QUOTED_INCLUDE_IN_FRAMEWORK_HEADER = YES;
				CLANG_WARN_RANGE_LOOP_ANALYSIS = YES;
				CLANG_WARN_STRICT_PROTOTYPES = YES;
				CLANG_WARN_SUSPICIOUS_MOVE = YES;
				CLANG_WARN_UNGUARDED_AVAILABILITY = YES_AGGRESSIVE;
				CLANG_WARN_UNREACHABLE_CODE = YES;
				CLANG_WARN__DUPLICATE_METHOD_MATCH = YES;
				COPY_PHASE_STRIP = NO;
				DEBUG_INFORMATION_FORMAT = dwarf;
				ENABLE_STRICT_OBJC_MSGSEND = YES;
				ENABLE_TESTABILITY = YES;
				GCC_C_LANGUAGE_STANDARD = gnu11;
				GCC_DYNAMIC_NO_PIC = NO;
				GCC_NO_COMMON_BLOCKS = YES;
				GCC_OPTIMIZATION_LEVEL = 0;
				GCC_PREPROCESSOR_DEFINITIONS = (
					"DEBUG=1",
					"$(inherited)",
				);
				GCC_WARN_64_TO_32_BIT_CONVERSION = YES;
				GCC_WARN_ABOUT_RETURN_TYPE = YES_ERROR;
				GCC_WARN_UNDECLARED_SELECTOR = YES;
				GCC_WARN_UNINITIALIZED_AUTOS = YES_AGGRESSIVE;
				GCC_WARN_UNUSED_FUNCTION = YES;
				GCC_WARN_UNUSED_VARIABLE = YES;
				IPHONEOS_DEPLOYMENT_TARGET = 13.0;
				MTL_ENABLE_DEBUG_INFO = INCLUDE_SOURCE;
				MTL_FAST_MATH = YES;
				ONLY_ACTIVE_ARCH = YES;
				SDKROOT = iphoneos;
				SWIFT_ACTIVE_COMPILATION_CONDITIONS = DEBUG;
				SWIFT_OPTIMIZATION_LEVEL = "-Onone";
			};
			name = Debug;
		};
		94A4731C2A2E8E4C00686B4C /* Homologation */ = {
			isa = XCBuildConfiguration;
			buildSettings = {
				ALWAYS_SEARCH_USER_PATHS = NO;
				CLANG_ANALYZER_NONNULL = YES;
				CLANG_ANALYZER_NUMBER_OBJECT_CONVERSION = YES_AGGRESSIVE;
				CLANG_CXX_LANGUAGE_STANDARD = "gnu++20";
				CLANG_ENABLE_MODULES = YES;
				CLANG_ENABLE_OBJC_ARC = YES;
				CLANG_ENABLE_OBJC_WEAK = YES;
				CLANG_WARN_BLOCK_CAPTURE_AUTORELEASING = YES;
				CLANG_WARN_BOOL_CONVERSION = YES;
				CLANG_WARN_COMMA = YES;
				CLANG_WARN_CONSTANT_CONVERSION = YES;
				CLANG_WARN_DEPRECATED_OBJC_IMPLEMENTATIONS = YES;
				CLANG_WARN_DIRECT_OBJC_ISA_USAGE = YES_ERROR;
				CLANG_WARN_DOCUMENTATION_COMMENTS = YES;
				CLANG_WARN_EMPTY_BODY = YES;
				CLANG_WARN_ENUM_CONVERSION = YES;
				CLANG_WARN_INFINITE_RECURSION = YES;
				CLANG_WARN_INT_CONVERSION = YES;
				CLANG_WARN_NON_LITERAL_NULL_CONVERSION = YES;
				CLANG_WARN_OBJC_IMPLICIT_RETAIN_SELF = YES;
				CLANG_WARN_OBJC_LITERAL_CONVERSION = YES;
				CLANG_WARN_OBJC_ROOT_CLASS = YES_ERROR;
				CLANG_WARN_QUOTED_INCLUDE_IN_FRAMEWORK_HEADER = YES;
				CLANG_WARN_RANGE_LOOP_ANALYSIS = YES;
				CLANG_WARN_STRICT_PROTOTYPES = YES;
				CLANG_WARN_SUSPICIOUS_MOVE = YES;
				CLANG_WARN_UNGUARDED_AVAILABILITY = YES_AGGRESSIVE;
				CLANG_WARN_UNREACHABLE_CODE = YES;
				CLANG_WARN__DUPLICATE_METHOD_MATCH = YES;
				COPY_PHASE_STRIP = NO;
				DEBUG_INFORMATION_FORMAT = "dwarf-with-dsym";
				ENABLE_NS_ASSERTIONS = NO;
				ENABLE_STRICT_OBJC_MSGSEND = YES;
				GCC_C_LANGUAGE_STANDARD = gnu11;
				GCC_NO_COMMON_BLOCKS = YES;
				GCC_WARN_64_TO_32_BIT_CONVERSION = YES;
				GCC_WARN_ABOUT_RETURN_TYPE = YES_ERROR;
				GCC_WARN_UNDECLARED_SELECTOR = YES;
				GCC_WARN_UNINITIALIZED_AUTOS = YES_AGGRESSIVE;
				GCC_WARN_UNUSED_FUNCTION = YES;
				GCC_WARN_UNUSED_VARIABLE = YES;
				IPHONEOS_DEPLOYMENT_TARGET = 13.0;
				MTL_ENABLE_DEBUG_INFO = NO;
				MTL_FAST_MATH = YES;
				SDKROOT = iphoneos;
				SWIFT_COMPILATION_MODE = wholemodule;
				SWIFT_OPTIMIZATION_LEVEL = "-O";
				VALIDATE_PRODUCT = YES;
			};
			name = Homologation;
		};
		94A4731E2A2E8E4C00686B4C /* Debug */ = {
			isa = XCBuildConfiguration;
			buildSettings = {
				APP_ENVIRONMENT = Debug;
				ASSETCATALOG_COMPILER_APPICON_NAME = AppIcon;
				ASSETCATALOG_COMPILER_GLOBAL_ACCENT_COLOR_NAME = AccentColor;
				CODE_SIGN_STYLE = Automatic;
				CURRENT_PROJECT_VERSION = 1;
				DEVELOPMENT_TEAM = FLM2WYKE6E;
				GENERATE_INFOPLIST_FILE = YES;
				INFOPLIST_FILE = MarketplaceChallenge/SupportFiles/Info.plist;
				INFOPLIST_KEY_UIApplicationSupportsIndirectInputEvents = YES;
				INFOPLIST_KEY_UILaunchStoryboardName = LaunchScreen;
				INFOPLIST_KEY_UISupportedInterfaceOrientations_iPad = "UIInterfaceOrientationPortrait UIInterfaceOrientationPortraitUpsideDown UIInterfaceOrientationLandscapeLeft UIInterfaceOrientationLandscapeRight";
				INFOPLIST_KEY_UISupportedInterfaceOrientations_iPhone = "UIInterfaceOrientationPortrait UIInterfaceOrientationLandscapeLeft UIInterfaceOrientationLandscapeRight";
				IPHONEOS_DEPLOYMENT_TARGET = 13.0;
				LD_RUNPATH_SEARCH_PATHS = (
					"$(inherited)",
					"@executable_path/Frameworks",
				);
				MARKETING_VERSION = 1.0;
				PRODUCT_BUNDLE_IDENTIFIER = br.com.andrecampopiano.MarketplaceChallenge;
				PRODUCT_NAME = "$(TARGET_NAME)";
				SERVER_URL = "http://www.mocky.io";
				SUPPORTED_PLATFORMS = "iphoneos iphonesimulator";
				SUPPORTS_MACCATALYST = NO;
				SUPPORTS_MAC_DESIGNED_FOR_IPHONE_IPAD = YES;
				SWIFT_EMIT_LOC_STRINGS = YES;
				SWIFT_VERSION = 5.0;
				TARGETED_DEVICE_FAMILY = "1,2";
			};
			name = Debug;
		};
		94A4731F2A2E8E4C00686B4C /* Homologation */ = {
			isa = XCBuildConfiguration;
			buildSettings = {
				APP_ENVIRONMENT = Homologation;
				ASSETCATALOG_COMPILER_APPICON_NAME = AppIcon;
				ASSETCATALOG_COMPILER_GLOBAL_ACCENT_COLOR_NAME = AccentColor;
				CODE_SIGN_STYLE = Automatic;
				CURRENT_PROJECT_VERSION = 1;
				DEVELOPMENT_TEAM = FLM2WYKE6E;
				GENERATE_INFOPLIST_FILE = YES;
				INFOPLIST_FILE = MarketplaceChallenge/SupportFiles/Info.plist;
				INFOPLIST_KEY_UIApplicationSupportsIndirectInputEvents = YES;
				INFOPLIST_KEY_UILaunchStoryboardName = LaunchScreen;
				INFOPLIST_KEY_UISupportedInterfaceOrientations_iPad = "UIInterfaceOrientationPortrait UIInterfaceOrientationPortraitUpsideDown UIInterfaceOrientationLandscapeLeft UIInterfaceOrientationLandscapeRight";
				INFOPLIST_KEY_UISupportedInterfaceOrientations_iPhone = "UIInterfaceOrientationPortrait UIInterfaceOrientationLandscapeLeft UIInterfaceOrientationLandscapeRight";
				IPHONEOS_DEPLOYMENT_TARGET = 13.0;
				LD_RUNPATH_SEARCH_PATHS = (
					"$(inherited)",
					"@executable_path/Frameworks",
				);
				MARKETING_VERSION = 1.0;
				PRODUCT_BUNDLE_IDENTIFIER = br.com.andrecampopiano.MarketplaceChallenge;
				PRODUCT_NAME = "$(TARGET_NAME)";
				SERVER_URL = "http://www.mocky.io";
				SUPPORTED_PLATFORMS = "iphoneos iphonesimulator";
				SUPPORTS_MACCATALYST = NO;
				SUPPORTS_MAC_DESIGNED_FOR_IPHONE_IPAD = YES;
				SWIFT_EMIT_LOC_STRINGS = YES;
				SWIFT_VERSION = 5.0;
				TARGETED_DEVICE_FAMILY = "1,2";
			};
			name = Homologation;
		};
		94A473212A2E8E4C00686B4C /* Debug */ = {
			isa = XCBuildConfiguration;
			buildSettings = {
				ALWAYS_EMBED_SWIFT_STANDARD_LIBRARIES = YES;
				BUNDLE_LOADER = "$(TEST_HOST)";
				CODE_SIGN_STYLE = Automatic;
				CURRENT_PROJECT_VERSION = 1;
				DEVELOPMENT_TEAM = FLM2WYKE6E;
				GENERATE_INFOPLIST_FILE = YES;
				IPHONEOS_DEPLOYMENT_TARGET = 16.2;
				MARKETING_VERSION = 1.0;
				PRODUCT_BUNDLE_IDENTIFIER = br.com.andrecampopiano.MarketplaceChallengeTests;
				PRODUCT_NAME = "$(TARGET_NAME)";
				SWIFT_EMIT_LOC_STRINGS = NO;
				SWIFT_VERSION = 5.0;
				TARGETED_DEVICE_FAMILY = "1,2";
				TEST_HOST = "$(BUILT_PRODUCTS_DIR)/MarketplaceChallenge.app/$(BUNDLE_EXECUTABLE_FOLDER_PATH)/MarketplaceChallenge";
			};
			name = Debug;
		};
		94A473222A2E8E4C00686B4C /* Homologation */ = {
			isa = XCBuildConfiguration;
			buildSettings = {
				ALWAYS_EMBED_SWIFT_STANDARD_LIBRARIES = YES;
				BUNDLE_LOADER = "$(TEST_HOST)";
				CODE_SIGN_STYLE = Automatic;
				CURRENT_PROJECT_VERSION = 1;
				DEVELOPMENT_TEAM = FLM2WYKE6E;
				GENERATE_INFOPLIST_FILE = YES;
				IPHONEOS_DEPLOYMENT_TARGET = 16.2;
				MARKETING_VERSION = 1.0;
				PRODUCT_BUNDLE_IDENTIFIER = br.com.andrecampopiano.MarketplaceChallengeTests;
				PRODUCT_NAME = "$(TARGET_NAME)";
				SWIFT_EMIT_LOC_STRINGS = NO;
				SWIFT_VERSION = 5.0;
				TARGETED_DEVICE_FAMILY = "1,2";
				TEST_HOST = "$(BUILT_PRODUCTS_DIR)/MarketplaceChallenge.app/$(BUNDLE_EXECUTABLE_FOLDER_PATH)/MarketplaceChallenge";
			};
			name = Homologation;
		};
/* End XCBuildConfiguration section */

/* Begin XCConfigurationList section */
		94A472EE2A2E8E4A00686B4C /* Build configuration list for PBXProject "MarketplaceChallenge" */ = {
			isa = XCConfigurationList;
			buildConfigurations = (
				94A4731B2A2E8E4C00686B4C /* Debug */,
				9401F4882A2F97FA00C32AA7 /* Develop */,
				94A4731C2A2E8E4C00686B4C /* Homologation */,
				9401F48C2A2F981300C32AA7 /* Release */,
			);
			defaultConfigurationIsVisible = 0;
			defaultConfigurationName = Homologation;
		};
		94A4731D2A2E8E4C00686B4C /* Build configuration list for PBXNativeTarget "MarketplaceChallenge" */ = {
			isa = XCConfigurationList;
			buildConfigurations = (
				94A4731E2A2E8E4C00686B4C /* Debug */,
				9401F4892A2F97FA00C32AA7 /* Develop */,
				94A4731F2A2E8E4C00686B4C /* Homologation */,
				9401F48D2A2F981300C32AA7 /* Release */,
			);
			defaultConfigurationIsVisible = 0;
			defaultConfigurationName = Homologation;
		};
		94A473202A2E8E4C00686B4C /* Build configuration list for PBXNativeTarget "MarketplaceChallengeTests" */ = {
			isa = XCConfigurationList;
			buildConfigurations = (
				94A473212A2E8E4C00686B4C /* Debug */,
				9401F48A2A2F97FA00C32AA7 /* Develop */,
				94A473222A2E8E4C00686B4C /* Homologation */,
				9401F48E2A2F981300C32AA7 /* Release */,
			);
			defaultConfigurationIsVisible = 0;
			defaultConfigurationName = Homologation;
		};
/* End XCConfigurationList section */

/* Begin XCRemoteSwiftPackageReference section */
		9401F4412A2F6FE900C32AA7 /* XCRemoteSwiftPackageReference "SwiftLintPlugin" */ = {
			isa = XCRemoteSwiftPackageReference;
			repositoryURL = "https://github.com/lukepistrol/SwiftLintPlugin.git";
			requirement = {
				kind = upToNextMajorVersion;
				minimumVersion = 0.2.6;
			};
		};
		94407E472A38270E0083C9D2 /* XCRemoteSwiftPackageReference "SVGKit" */ = {
			isa = XCRemoteSwiftPackageReference;
			repositoryURL = "https://github.com/SVGKit/SVGKit";
			requirement = {
				kind = upToNextMajorVersion;
				minimumVersion = 3.0.0;
			};
		};
		94A4732C2A2E8FC900686B4C /* XCRemoteSwiftPackageReference "CoreSwift" */ = {
			isa = XCRemoteSwiftPackageReference;
			repositoryURL = "https://github.com/andrecampopiano/CoreSwift";
			requirement = {
				kind = upToNextMajorVersion;
				minimumVersion = 1.0.5;
			};
		};
		94DC067C2A33A47B00EEE3F6 /* XCRemoteSwiftPackageReference "ios-snapshot-test-case" */ = {
			isa = XCRemoteSwiftPackageReference;
			repositoryURL = "https://github.com/uber/ios-snapshot-test-case";
			requirement = {
				kind = upToNextMajorVersion;
				minimumVersion = 8.0.0;
			};
		};
/* End XCRemoteSwiftPackageReference section */

/* Begin XCSwiftPackageProductDependency section */
		9401F4422A2F702000C32AA7 /* SwiftLint */ = {
			isa = XCSwiftPackageProductDependency;
			package = 9401F4412A2F6FE900C32AA7 /* XCRemoteSwiftPackageReference "SwiftLintPlugin" */;
			productName = "plugin:SwiftLint";
		};
		94407E482A38270E0083C9D2 /* SVGKitSwift */ = {
			isa = XCSwiftPackageProductDependency;
			package = 94407E472A38270E0083C9D2 /* XCRemoteSwiftPackageReference "SVGKit" */;
			productName = SVGKitSwift;
		};
		94407E4F2A383A100083C9D2 /* SVGKit */ = {
			isa = XCSwiftPackageProductDependency;
			package = 94407E472A38270E0083C9D2 /* XCRemoteSwiftPackageReference "SVGKit" */;
			productName = SVGKit;
		};
		94A4732D2A2E8FC900686B4C /* CoreSwift */ = {
			isa = XCSwiftPackageProductDependency;
			package = 94A4732C2A2E8FC900686B4C /* XCRemoteSwiftPackageReference "CoreSwift" */;
			productName = CoreSwift;
		};
		94DC067D2A33A47B00EEE3F6 /* iOSSnapshotTestCase */ = {
			isa = XCSwiftPackageProductDependency;
			package = 94DC067C2A33A47B00EEE3F6 /* XCRemoteSwiftPackageReference "ios-snapshot-test-case" */;
			productName = iOSSnapshotTestCase;
		};
/* End XCSwiftPackageProductDependency section */
	};
	rootObject = 94A472EB2A2E8E4A00686B4C /* Project object */;
}
